
Microsoft Visual Studio Solution File, Format Version 12.00
# Visual Studio Version 17
VisualStudioVersion = 17.0.31903.59
MinimumVisualStudioVersion = 10.0.40219.1
Project("{FAE04EC0-301F-11D3-BF4B-00C04F79EFBC}") = "TBotPlus.Web", "TBotPlus.Web\TBotPlus.Web.csproj", "{C84C0B44-178F-406B-8A1F-F06A4900880D}"
EndProject
Global
	GlobalSection(SolutionConfigurationPlatforms) = preSolution
		Debug|Any CPU = Debug|Any CPU
		Debug|x64 = Debug|x64
		Debug|x86 = Debug|x86
		Release|Any CPU = Release|Any CPU
		Release|x64 = Release|x64
		Release|x86 = Release|x86
	EndGlobalSection
	GlobalSection(ProjectConfigurationPlatforms) = postSolution
		{C84C0B44-178F-406B-8A1F-F06A4900880D}.Debug|Any CPU.ActiveCfg = Debug|Any CPU
		{C84C0B44-178F-406B-8A1F-F06A4900880D}.Debug|Any CPU.Build.0 = Debug|Any CPU
		{C84C0B44-178F-406B-8A1F-F06A4900880D}.Debug|x64.ActiveCfg = Debug|Any CPU
		{C84C0B44-178F-406B-8A1F-F06A4900880D}.Debug|x64.Build.0 = Debug|Any CPU
		{C84C0B44-178F-406B-8A1F-F06A4900880D}.Debug|x86.ActiveCfg = Debug|Any CPU
		{C84C0B44-178F-406B-8A1F-F06A4900880D}.Debug|x86.Build.0 = Debug|Any CPU
		{C84C0B44-178F-406B-8A1F-F06A4900880D}.Release|Any CPU.ActiveCfg = Release|Any CPU
		{C84C0B44-178F-406B-8A1F-F06A4900880D}.Release|Any CPU.Build.0 = Release|Any CPU
		{C84C0B44-178F-406B-8A1F-F06A4900880D}.Release|x64.ActiveCfg = Release|Any CPU
		{C84C0B44-178F-406B-8A1F-F06A4900880D}.Release|x64.Build.0 = Release|Any CPU
		{C84C0B44-178F-406B-8A1F-F06A4900880D}.Release|x86.ActiveCfg = Release|Any CPU
		{C84C0B44-178F-406B-8A1F-F06A4900880D}.Release|x86.Build.0 = Release|Any CPU
	EndGlobalSection
	GlobalSection(SolutionProperties) = preSolution
		HideSolutionNode = FALSE
	EndGlobalSection
EndGlobal
